# This is a Gradle generated file for dependency locking.
# Manual edits can break the build and are not advised.
# This file is expected to be part of source control.
# To regenerate this file, run: ./gradlew :cxone-detekt-rules:dependencies --write-locks
com.pinterest.ktlint:ktlint-cli-ruleset-core:0.50.0=detektPlugins
com.pinterest.ktlint:ktlint-logger:0.50.0=detektPlugins
com.pinterest.ktlint:ktlint-rule-engine-core:0.50.0=detektPlugins
com.pinterest.ktlint:ktlint-ruleset-standard:0.50.0=detektPlugins
dev.drewhamilton.poko:poko-annotations-jvm:0.17.1=detekt,testRuntimeClasspath
dev.drewhamilton.poko:poko-annotations:0.17.1=detekt,testRuntimeClasspath
io.github.davidburstrom.contester:contester-breakpoint:0.2.0=detekt,testRuntimeClasspath
io.github.detekt.sarif4k:sarif4k-jvm:0.6.0=detekt,testRuntimeClasspath
io.github.detekt.sarif4k:sarif4k:0.6.0=detekt,testRuntimeClasspath
io.github.java-diff-utils:java-diff-utils:4.16=testRuntimeClasspath
io.github.microutils:kotlin-logging-jvm:3.0.5=detektPlugins
io.gitlab.arturbosch.detekt:detekt-api:1.23.8=compileClasspath,detekt,testCompileClasspath,testRuntimeClasspath
io.gitlab.arturbosch.detekt:detekt-cli:1.23.8=detekt
io.gitlab.arturbosch.detekt:detekt-core:1.23.8=detekt,testRuntimeClasspath
io.gitlab.arturbosch.detekt:detekt-formatting:1.23.8=detektPlugins
io.gitlab.arturbosch.detekt:detekt-metrics:1.23.8=detekt,testRuntimeClasspath
io.gitlab.arturbosch.detekt:detekt-parser:1.23.8=detekt,testRuntimeClasspath
io.gitlab.arturbosch.detekt:detekt-psi-utils:1.23.8=compileClasspath,detekt,testCompileClasspath,testRuntimeClasspath
io.gitlab.arturbosch.detekt:detekt-report-html:1.23.8=detekt,testRuntimeClasspath
io.gitlab.arturbosch.detekt:detekt-report-md:1.23.8=detekt,testRuntimeClasspath
io.gitlab.arturbosch.detekt:detekt-report-sarif:1.23.8=detekt,testRuntimeClasspath
io.gitlab.arturbosch.detekt:detekt-report-txt:1.23.8=detekt,testRuntimeClasspath
io.gitlab.arturbosch.detekt:detekt-report-xml:1.23.8=detekt,testRuntimeClasspath
io.gitlab.arturbosch.detekt:detekt-rules-complexity:1.23.8=detekt
io.gitlab.arturbosch.detekt:detekt-rules-coroutines:1.23.8=detekt
io.gitlab.arturbosch.detekt:detekt-rules-documentation:1.23.8=detekt
io.gitlab.arturbosch.detekt:detekt-rules-empty:1.23.8=detekt
io.gitlab.arturbosch.detekt:detekt-rules-errorprone:1.23.8=detekt
io.gitlab.arturbosch.detekt:detekt-rules-exceptions:1.23.8=detekt
io.gitlab.arturbosch.detekt:detekt-rules-naming:1.23.8=detekt
io.gitlab.arturbosch.detekt:detekt-rules-performance:1.23.8=detekt
io.gitlab.arturbosch.detekt:detekt-rules-style:1.23.8=detekt
io.gitlab.arturbosch.detekt:detekt-rules:1.23.8=detekt
io.gitlab.arturbosch.detekt:detekt-test-utils:1.23.8=testCompileClasspath,testRuntimeClasspath
io.gitlab.arturbosch.detekt:detekt-test:1.23.8=testCompileClasspath,testRuntimeClasspath
io.gitlab.arturbosch.detekt:detekt-tooling:1.23.8=detekt,testRuntimeClasspath
io.gitlab.arturbosch.detekt:detekt-utils:1.23.8=detekt,testRuntimeClasspath
io.kotest:kotest-assertions-core-jvm:6.2.1=testCompileClasspath,testRuntimeClasspath
io.kotest:kotest-assertions-core:6.2.1=testCompileClasspath,testRuntimeClasspath
io.kotest:kotest-assertions-shared-jvm:6.2.1=testCompileClasspath,testRuntimeClasspath
io.kotest:kotest-assertions-shared:6.2.1=testCompileClasspath,testRuntimeClasspath
io.kotest:kotest-common-jvm:6.2.1=testRuntimeClasspath
io.kotest:kotest-common:6.2.1=testRuntimeClasspath
org.apiguardian:apiguardian-api:1.1.2=testCompileClasspath
org.ec4j.core:ec4j-core:0.3.0=detektPlugins
org.jcommander:jcommander:1.85=detekt
org.jetbrains.intellij.deps:trove4j:1.0.20200330=detekt,testRuntimeClasspath
org.jetbrains.kotlin:kotlin-build-tools-api:2.4.0=kotlinBuildToolsApiClasspath,kotlinCompilerClasspath,kotlinKlibCommonizerClasspath
org.jetbrains.kotlin:kotlin-build-tools-api:2.4.20-Beta2=kotlinAbiValidationCompatClasspath
org.jetbrains.kotlin:kotlin-build-tools-compat:2.4.0=kotlinAbiValidationCompatClasspath,kotlinBuildToolsApiClasspath,kotlinCompilerClasspath
org.jetbrains.kotlin:kotlin-build-tools-cri-impl:2.4.0=kotlinBuildToolsApiClasspath,kotlinCompilerClasspath
org.jetbrains.kotlin:kotlin-build-tools-cri-impl:2.4.20-Beta2=kotlinAbiValidationCompatClasspath
org.jetbrains.kotlin:kotlin-build-tools-impl:2.4.0=kotlinBuildToolsApiClasspath,kotlinCompilerClasspath
org.jetbrains.kotlin:kotlin-build-tools-impl:2.4.20-Beta2=kotlinAbiValidationCompatClasspath
org.jetbrains.kotlin:kotlin-compiler-embeddable:2.0.21=compileClasspath,detekt,testCompileClasspath,testRuntimeClasspath
org.jetbrains.kotlin:kotlin-compiler-embeddable:2.4.0=kotlinBuildToolsApiClasspath,kotlinCompilerClasspath,kotlinKlibCommonizerClasspath
org.jetbrains.kotlin:kotlin-compiler-embeddable:2.4.20-Beta2=kotlinAbiValidationCompatClasspath
org.jetbrains.kotlin:kotlin-compiler-runner:2.4.0=kotlinBuildToolsApiClasspath,kotlinCompilerClasspath
org.jetbrains.kotlin:kotlin-compiler-runner:2.4.20-Beta2=kotlinAbiValidationCompatClasspath
org.jetbrains.kotlin:kotlin-daemon-client:2.4.0=kotlinBuildToolsApiClasspath,kotlinCompilerClasspath
org.jetbrains.kotlin:kotlin-daemon-client:2.4.20-Beta2=kotlinAbiValidationCompatClasspath
org.jetbrains.kotlin:kotlin-daemon-embeddable:2.0.21=detekt,testRuntimeClasspath
org.jetbrains.kotlin:kotlin-daemon-embeddable:2.4.0=kotlinBuildToolsApiClasspath,kotlinCompilerClasspath,kotlinKlibCommonizerClasspath
org.jetbrains.kotlin:kotlin-daemon-embeddable:2.4.20-Beta2=kotlinAbiValidationCompatClasspath
org.jetbrains.kotlin:kotlin-klib-commonizer-embeddable:2.4.0=kotlinKlibCommonizerClasspath
org.jetbrains.kotlin:kotlin-main-kts:2.0.21=testRuntimeClasspath
org.jetbrains.kotlin:kotlin-reflect:1.6.10=kotlinAbiValidationCompatClasspath,kotlinBuildToolsApiClasspath,kotlinCompilerClasspath,kotlinKlibCommonizerClasspath
org.jetbrains.kotlin:kotlin-reflect:2.0.21=detekt
org.jetbrains.kotlin:kotlin-reflect:2.2.21=testRuntimeClasspath
org.jetbrains.kotlin:kotlin-script-runtime:2.0.21=detekt,testRuntimeClasspath
org.jetbrains.kotlin:kotlin-script-runtime:2.4.0=kotlinBuildToolsApiClasspath,kotlinCompilerClasspath,kotlinCompilerPluginClasspathMain,kotlinCompilerPluginClasspathTest,kotlinKlibCommonizerClasspath
org.jetbrains.kotlin:kotlin-script-runtime:2.4.20-Beta2=kotlinAbiValidationCompatClasspath
org.jetbrains.kotlin:kotlin-scripting-common:2.0.21=testRuntimeClasspath
org.jetbrains.kotlin:kotlin-scripting-common:2.4.0=kotlinCompilerPluginClasspathMain,kotlinCompilerPluginClasspathTest
org.jetbrains.kotlin:kotlin-scripting-compiler-embeddable:2.0.21=testRuntimeClasspath
org.jetbrains.kotlin:kotlin-scripting-compiler-embeddable:2.4.0=kotlinCompilerPluginClasspathMain,kotlinCompilerPluginClasspathTest
org.jetbrains.kotlin:kotlin-scripting-compiler-impl-embeddable:2.0.21=testRuntimeClasspath
org.jetbrains.kotlin:kotlin-scripting-compiler-impl-embeddable:2.4.0=kotlinCompilerPluginClasspathMain,kotlinCompilerPluginClasspathTest
org.jetbrains.kotlin:kotlin-scripting-jvm:2.0.21=testRuntimeClasspath
org.jetbrains.kotlin:kotlin-scripting-jvm:2.4.0=kotlinCompilerPluginClasspathMain,kotlinCompilerPluginClasspathTest
org.jetbrains.kotlin:kotlin-stdlib-common:2.0.21=detekt
org.jetbrains.kotlin:kotlin-stdlib-common:2.4.0=testRuntimeClasspath
org.jetbrains.kotlin:kotlin-stdlib-jdk7:1.8.0=detekt
org.jetbrains.kotlin:kotlin-stdlib-jdk7:2.0.21=testCompileClasspath,testRuntimeClasspath
org.jetbrains.kotlin:kotlin-stdlib-jdk8:1.8.0=detekt
org.jetbrains.kotlin:kotlin-stdlib-jdk8:2.0.21=testCompileClasspath,testRuntimeClasspath
org.jetbrains.kotlin:kotlin-stdlib:2.0.21=detekt,detektPlugins
org.jetbrains.kotlin:kotlin-stdlib:2.4.0=compileClasspath,kotlinBuildToolsApiClasspath,kotlinCompilerClasspath,kotlinCompilerPluginClasspathMain,kotlinCompilerPluginClasspathTest,kotlinKlibCommonizerClasspath,runtimeClasspath,testCompileClasspath,testRuntimeClasspath
org.jetbrains.kotlin:kotlin-stdlib:2.4.20-Beta2=kotlinAbiValidationCompatClasspath
org.jetbrains.kotlin:kotlin-tooling-core:2.4.0=kotlinBuildToolsApiClasspath,kotlinCompilerClasspath
org.jetbrains.kotlin:kotlin-tooling-core:2.4.20-Beta2=kotlinAbiValidationCompatClasspath
org.jetbrains.kotlinx:kotlinx-coroutines-bom:1.10.2=testRuntimeClasspath
org.jetbrains.kotlinx:kotlinx-coroutines-core-jvm:1.10.2=testRuntimeClasspath
org.jetbrains.kotlinx:kotlinx-coroutines-core-jvm:1.6.4=detekt
org.jetbrains.kotlinx:kotlinx-coroutines-core-jvm:1.8.0=kotlinAbiValidationCompatClasspath,kotlinBuildToolsApiClasspath,kotlinCompilerClasspath,kotlinKlibCommonizerClasspath
org.jetbrains.kotlinx:kotlinx-coroutines-core:1.10.2=testRuntimeClasspath
org.jetbrains.kotlinx:kotlinx-coroutines-jdk8:1.10.2=testRuntimeClasspath
org.jetbrains.kotlinx:kotlinx-coroutines-test-jvm:1.10.2=testRuntimeClasspath
org.jetbrains.kotlinx:kotlinx-coroutines-test:1.10.2=testRuntimeClasspath
org.jetbrains.kotlinx:kotlinx-html-jvm:0.8.1=detekt,testRuntimeClasspath
org.jetbrains.kotlinx:kotlinx-serialization-core-jvm:1.4.1=detekt,testRuntimeClasspath
org.jetbrains.kotlinx:kotlinx-serialization-core:1.4.1=detekt,testRuntimeClasspath
org.jetbrains.kotlinx:kotlinx-serialization-json-jvm:1.4.1=detekt,testRuntimeClasspath
org.jetbrains.kotlinx:kotlinx-serialization-json:1.4.1=detekt,testRuntimeClasspath
org.jetbrains:annotations:13.0=compileClasspath,detekt,detektPlugins,kotlinAbiValidationCompatClasspath,kotlinBuildToolsApiClasspath,kotlinCompilerClasspath,kotlinCompilerPluginClasspathMain,kotlinCompilerPluginClasspathTest,kotlinKlibCommonizerClasspath,runtimeClasspath,testCompileClasspath
org.jetbrains:annotations:23.0.0=testRuntimeClasspath
org.jspecify:jspecify:1.0.0=testCompileClasspath
org.junit.jupiter:junit-jupiter-api:6.1.0=testCompileClasspath,testRuntimeClasspath
org.junit.jupiter:junit-jupiter-engine:6.1.0=testRuntimeClasspath
org.junit.jupiter:junit-jupiter-params:6.1.0=testCompileClasspath,testRuntimeClasspath
org.junit.jupiter:junit-jupiter:6.1.0=testCompileClasspath,testRuntimeClasspath
org.junit.platform:junit-platform-commons:6.1.0=testCompileClasspath,testRuntimeClasspath
org.junit.platform:junit-platform-engine:6.1.0=testRuntimeClasspath
org.junit.platform:junit-platform-launcher:6.1.0=testRuntimeClasspath
org.junit:junit-bom:6.1.0=testCompileClasspath,testRuntimeClasspath
org.opentest4j:opentest4j:1.3.0=testCompileClasspath,testRuntimeClasspath
org.slf4j:slf4j-api:2.0.3=detektPlugins
org.snakeyaml:snakeyaml-engine:2.7=detekt,testRuntimeClasspath
empty=annotationProcessor,implementationDependenciesMetadata,kotlinCompilerPluginClasspath,kotlinNativeCompilerPluginClasspath,kotlinScriptDefExtensions,testAnnotationProcessor,testImplementationDependenciesMetadata,testKotlinScriptDefExtensions
