# This is a Gradle generated file for dependency locking.
# Manual edits can break the build and are not advised.
# This file is expected to be part of source control.
# To regenerate this file, run: ./gradlew :convention:dependencies --write-locks
androidx.databinding:databinding-common:9.2.1=mainLintChecksClasspath
androidx.databinding:databinding-compiler-common:9.2.1=mainLintChecksClasspath
androidx.lint:lint-gradle:1.0.0=lintChecks
com.android.databinding:baseLibrary:9.2.1=mainLintChecksClasspath
com.android.tools.analytics-library:crash:32.2.1=mainLintChecksClasspath
com.android.tools.analytics-library:protos:32.2.1=androidLintTool,mainLintChecksClasspath
com.android.tools.analytics-library:shared:32.2.1=androidLintTool,mainLintChecksClasspath
com.android.tools.analytics-library:tracker:32.2.1=androidLintTool,mainLintChecksClasspath
com.android.tools.build.jetifier:jetifier-core:1.0.0-beta10=mainLintChecksClasspath
com.android.tools.build.jetifier:jetifier-processor:1.0.0-beta10=mainLintChecksClasspath
com.android.tools.build:aapt2-proto:9.2.1-15009934=androidLintTool,mainLintChecksClasspath
com.android.tools.build:aaptcompiler:9.2.1=mainLintChecksClasspath
com.android.tools.build:apksig:9.2.1=compileClasspath,mainLintChecksClasspath
com.android.tools.build:apkzlib:9.2.1=compileClasspath,mainLintChecksClasspath
com.android.tools.build:builder-model:9.2.1=androidLintTool,compileClasspath,mainLintChecksClasspath
com.android.tools.build:builder-test-api:9.2.1=mainLintChecksClasspath
com.android.tools.build:builder:9.2.1=compileClasspath,mainLintChecksClasspath
com.android.tools.build:bundletool:1.18.3=mainLintChecksClasspath
com.android.tools.build:gradle-api:9.2.1=compileClasspath,mainLintChecksClasspath
com.android.tools.build:gradle-common-api:9.2.1=compileClasspath,mainLintChecksClasspath
com.android.tools.build:gradle-settings-api:9.2.1=mainLintChecksClasspath
com.android.tools.build:gradle:9.2.1=compileClasspath,mainLintChecksClasspath
com.android.tools.build:manifest-merger:32.2.1=androidLintTool,compileClasspath,mainLintChecksClasspath
com.android.tools.ddms:ddmlib:32.2.1=androidLintTool,mainLintChecksClasspath
com.android.tools.external.com-intellij:intellij-core:32.2.1=androidLintTool
com.android.tools.external.com-intellij:kotlin-compiler:32.2.1=androidLintTool
com.android.tools.external.org-jetbrains:uast:32.2.1=androidLintTool
com.android.tools.layoutlib:layoutlib-api:32.2.1=androidLintTool,mainLintChecksClasspath
com.android.tools.lint:lint-api:32.2.1=androidLintTool
com.android.tools.lint:lint-checks:32.2.1=androidLintTool
com.android.tools.lint:lint-gradle:32.2.1=androidLintTool
com.android.tools.lint:lint-model:32.2.1=androidLintTool,mainLintChecksClasspath
com.android.tools.lint:lint-typedef-remover:32.2.1=androidLintTool,mainLintChecksClasspath
com.android.tools.lint:lint:32.2.1=androidLintTool
com.android.tools.utp:gradle-work-action-api:32.2.1=mainLintChecksClasspath
com.android.tools:annotations:32.2.1=androidLintTool,mainLintChecksClasspath
com.android.tools:common:32.2.1=androidLintTool,mainLintChecksClasspath
com.android.tools:dvlib:32.2.1=androidLintTool,mainLintChecksClasspath
com.android.tools:play-sdk-proto:32.2.1=androidLintTool
com.android.tools:repository:32.2.1=androidLintTool,mainLintChecksClasspath
com.android.tools:sdk-common:32.2.1=androidLintTool,mainLintChecksClasspath
com.android.tools:sdklib:32.2.1=androidLintTool,mainLintChecksClasspath
com.android:signflinger:9.2.1=mainLintChecksClasspath
com.android:zipflinger:9.2.1=compileClasspath,mainLintChecksClasspath
com.fasterxml.jackson.core:jackson-annotations:2.18.9=mainLintChecksClasspath
com.fasterxml.jackson.core:jackson-core:2.18.9=mainLintChecksClasspath
com.fasterxml.jackson.core:jackson-databind:2.18.9=mainLintChecksClasspath
com.fasterxml.jackson.dataformat:jackson-dataformat-xml:2.18.9=mainLintChecksClasspath
com.fasterxml.jackson.module:jackson-module-kotlin:2.18.9=mainLintChecksClasspath
com.fasterxml.jackson:jackson-bom:2.18.9=mainLintChecksClasspath
com.fasterxml.woodstox:woodstox-core:7.0.0=mainLintChecksClasspath
com.google.auto.value:auto-value-annotations:1.6.2=mainLintChecksClasspath
com.google.code.findbugs:jsr305:3.0.2=androidLintTool,mainLintChecksClasspath
com.google.code.gson:gson:2.11.0=androidLintTool,mainLintChecksClasspath
com.google.crypto.tink:tink:1.7.0=mainLintChecksClasspath
com.google.dagger:dagger:2.28.3=mainLintChecksClasspath
com.google.errorprone:error_prone_annotations:2.28.0=androidLintTool,mainLintChecksClasspath
com.google.flatbuffers:flatbuffers-java:1.12.0=mainLintChecksClasspath
com.google.guava:failureaccess:1.0.2=androidLintTool,mainLintChecksClasspath
com.google.guava:guava:33.3.1-jre=androidLintTool,mainLintChecksClasspath
com.google.guava:listenablefuture:9999.0-empty-to-avoid-conflict-with-guava=androidLintTool,mainLintChecksClasspath
com.google.j2objc:j2objc-annotations:3.0.0=androidLintTool,mainLintChecksClasspath
com.google.jimfs:jimfs:1.1=androidLintTool,mainLintChecksClasspath
com.google.protobuf:protobuf-java-util:3.25.5=mainLintChecksClasspath
com.google.protobuf:protobuf-java:3.25.5=androidLintTool,mainLintChecksClasspath
com.googlecode.juniversalchardet:juniversalchardet:1.0.3=mainLintChecksClasspath
com.pinterest.ktlint:ktlint-cli-ruleset-core:0.50.0=detektPlugins
com.pinterest.ktlint:ktlint-logger:0.50.0=detektPlugins
com.pinterest.ktlint:ktlint-rule-engine-core:0.50.0=detektPlugins
com.pinterest.ktlint:ktlint-ruleset-standard:0.50.0=detektPlugins
com.squareup:javapoet:1.13.0=mainLintChecksClasspath
com.squareup:javawriter:2.5.0=compileClasspath,mainLintChecksClasspath
com.sun.istack:istack-commons-runtime:3.0.8=androidLintTool,mainLintChecksClasspath
com.sun.xml.fastinfoset:FastInfoset:1.2.16=androidLintTool,mainLintChecksClasspath
commons-codec:commons-codec:1.17.1=androidLintTool,mainLintChecksClasspath
commons-io:commons-io:2.16.1=androidLintTool,mainLintChecksClasspath
commons-logging:commons-logging:1.2=androidLintTool,mainLintChecksClasspath
dev.drewhamilton.poko:poko-annotations-jvm:0.17.1=detekt
dev.drewhamilton.poko:poko-annotations:0.17.1=detekt
io.github.davidburstrom.contester:contester-breakpoint:0.2.0=detekt
io.github.detekt.sarif4k:sarif4k-jvm:0.6.0=detekt
io.github.detekt.sarif4k:sarif4k:0.6.0=detekt
io.github.java-diff-utils:java-diff-utils:4.12=kotlinInternalAbiValidation
io.github.microutils:kotlin-logging-jvm:3.0.5=detektPlugins
io.gitlab.arturbosch.detekt:detekt-api:1.23.8=detekt
io.gitlab.arturbosch.detekt:detekt-cli:1.23.8=detekt
io.gitlab.arturbosch.detekt:detekt-core:1.23.8=detekt
io.gitlab.arturbosch.detekt:detekt-formatting:1.23.8=detektPlugins
io.gitlab.arturbosch.detekt:detekt-gradle-plugin:1.23.8=compileClasspath,mainLintChecksClasspath
io.gitlab.arturbosch.detekt:detekt-metrics:1.23.8=detekt
io.gitlab.arturbosch.detekt:detekt-parser:1.23.8=detekt
io.gitlab.arturbosch.detekt:detekt-psi-utils:1.23.8=detekt
io.gitlab.arturbosch.detekt:detekt-report-html:1.23.8=detekt
io.gitlab.arturbosch.detekt:detekt-report-md:1.23.8=detekt
io.gitlab.arturbosch.detekt:detekt-report-sarif:1.23.8=detekt
io.gitlab.arturbosch.detekt:detekt-report-txt:1.23.8=detekt
io.gitlab.arturbosch.detekt:detekt-report-xml:1.23.8=detekt
io.gitlab.arturbosch.detekt:detekt-rules-complexity:1.23.8=detekt
io.gitlab.arturbosch.detekt:detekt-rules-coroutines:1.23.8=detekt
io.gitlab.arturbosch.detekt:detekt-rules-documentation:1.23.8=detekt
io.gitlab.arturbosch.detekt:detekt-rules-empty:1.23.8=detekt
io.gitlab.arturbosch.detekt:detekt-rules-errorprone:1.23.8=detekt
io.gitlab.arturbosch.detekt:detekt-rules-exceptions:1.23.8=detekt
io.gitlab.arturbosch.detekt:detekt-rules-naming:1.23.8=detekt
io.gitlab.arturbosch.detekt:detekt-rules-performance:1.23.8=detekt
io.gitlab.arturbosch.detekt:detekt-rules-style:1.23.8=detekt
io.gitlab.arturbosch.detekt:detekt-rules:1.23.8=detekt
io.gitlab.arturbosch.detekt:detekt-tooling:1.23.8=detekt
io.gitlab.arturbosch.detekt:detekt-utils:1.23.8=detekt
io.insert-koin:koin-compiler-plugin:1.0.1=compileClasspath,mainLintChecksClasspath
jakarta.activation:jakarta.activation-api:1.2.1=androidLintTool,mainLintChecksClasspath
jakarta.xml.bind:jakarta.xml.bind-api:2.3.2=androidLintTool,mainLintChecksClasspath
javax.inject:javax.inject:1=androidLintTool,mainLintChecksClasspath
net.java.dev.jna:jna-platform:5.6.0=androidLintTool,mainLintChecksClasspath
net.java.dev.jna:jna:5.6.0=androidLintTool,mainLintChecksClasspath
net.sf.jopt-simple:jopt-simple:4.9=mainLintChecksClasspath
net.sf.kxml:kxml2:2.3.0=androidLintTool,mainLintChecksClasspath
org.apache.commons:commons-compress:1.27.1=androidLintTool,mainLintChecksClasspath
org.apache.commons:commons-lang3:3.18.0=androidLintTool,mainLintChecksClasspath
org.apache.httpcomponents:httpclient:4.5.13=androidLintTool
org.apache.httpcomponents:httpclient:4.5.14=mainLintChecksClasspath
org.apache.httpcomponents:httpcore:4.4.16=androidLintTool,mainLintChecksClasspath
org.apache.httpcomponents:httpmime:4.5.6=androidLintTool,mainLintChecksClasspath
org.bitbucket.b_c:jose4j:0.9.6=mainLintChecksClasspath
org.bouncycastle:bcpkix-jdk18on:1.84=androidLintTool,mainLintChecksClasspath
org.bouncycastle:bcprov-jdk18on:1.84=androidLintTool,mainLintChecksClasspath
org.bouncycastle:bcutil-jdk18on:1.84=androidLintTool,mainLintChecksClasspath
org.checkerframework:checker-qual:3.43.0=androidLintTool,mainLintChecksClasspath
org.codehaus.groovy:groovy:3.0.22=androidLintTool
org.codehaus.woodstox:stax2-api:4.2.2=mainLintChecksClasspath
org.ec4j.core:ec4j-core:0.3.0=detektPlugins
org.glassfish.jaxb:jaxb-runtime:2.3.2=androidLintTool,mainLintChecksClasspath
org.glassfish.jaxb:txw2:2.3.2=androidLintTool,mainLintChecksClasspath
org.jcommander:jcommander:1.85=detekt
org.jdom:jdom2:2.0.6.1=mainLintChecksClasspath
org.jetbrains.dokka:dokka-core:2.2.0=compileClasspath,mainLintChecksClasspath
org.jetbrains.dokka:dokka-gradle-plugin:2.2.0=compileClasspath,mainLintChecksClasspath
org.jetbrains.intellij.deps:trove4j:1.0.20200330=detekt
org.jetbrains.kotlin:abi-tools-api:2.3.21=kotlinInternalAbiValidation
org.jetbrains.kotlin:abi-tools:2.3.21=kotlinInternalAbiValidation
org.jetbrains.kotlin:fus-statistics-gradle-plugin:2.4.0=compileClasspath,mainLintChecksClasspath
org.jetbrains.kotlin:kotlin-assignment-compiler-plugin-embeddable:2.3.21=kotlinCompilerPluginClasspathMain,kotlinCompilerPluginClasspathTest
org.jetbrains.kotlin:kotlin-build-statistics:2.4.0=mainLintChecksClasspath
org.jetbrains.kotlin:kotlin-build-tools-api:2.3.21=kotlinBuildToolsApiClasspath,kotlinCompilerClasspath
org.jetbrains.kotlin:kotlin-build-tools-api:2.4.0=compileClasspath,mainLintChecksClasspath
org.jetbrains.kotlin:kotlin-build-tools-compat:2.3.21=kotlinBuildToolsApiClasspath,kotlinCompilerClasspath
org.jetbrains.kotlin:kotlin-build-tools-cri-impl:2.3.21=kotlinBuildToolsApiClasspath,kotlinCompilerClasspath
org.jetbrains.kotlin:kotlin-build-tools-impl:2.3.21=kotlinBuildToolsApiClasspath,kotlinCompilerClasspath
org.jetbrains.kotlin:kotlin-compiler-embeddable:2.0.21=detekt
org.jetbrains.kotlin:kotlin-compiler-embeddable:2.3.21=kotlinBuildToolsApiClasspath,kotlinCompilerClasspath,kotlinKlibCommonizerClasspath
org.jetbrains.kotlin:kotlin-compiler-runner:2.3.21=kotlinBuildToolsApiClasspath,kotlinCompilerClasspath
org.jetbrains.kotlin:kotlin-compiler-runner:2.4.0=mainLintChecksClasspath
org.jetbrains.kotlin:kotlin-daemon-client:2.3.21=kotlinBuildToolsApiClasspath,kotlinCompilerClasspath
org.jetbrains.kotlin:kotlin-daemon-client:2.4.0=mainLintChecksClasspath
org.jetbrains.kotlin:kotlin-daemon-embeddable:2.0.21=detekt
org.jetbrains.kotlin:kotlin-daemon-embeddable:2.3.21=kotlinBuildToolsApiClasspath,kotlinCompilerClasspath,kotlinKlibCommonizerClasspath
org.jetbrains.kotlin:kotlin-gradle-plugin-annotations:2.4.0=compileClasspath,mainLintChecksClasspath
org.jetbrains.kotlin:kotlin-gradle-plugin-api:2.4.0=compileClasspath,mainLintChecksClasspath
org.jetbrains.kotlin:kotlin-gradle-plugin-idea-proto:2.4.0=mainLintChecksClasspath
org.jetbrains.kotlin:kotlin-gradle-plugin-idea:2.4.0=mainLintChecksClasspath
org.jetbrains.kotlin:kotlin-gradle-plugin:2.4.0=compileClasspath,mainLintChecksClasspath
org.jetbrains.kotlin:kotlin-gradle-plugins-bom:2.4.0=compileClasspath,mainLintChecksClasspath
org.jetbrains.kotlin:kotlin-klib-abi-reader:2.3.21=kotlinInternalAbiValidation
org.jetbrains.kotlin:kotlin-klib-commonizer-api:2.4.0=mainLintChecksClasspath
org.jetbrains.kotlin:kotlin-klib-commonizer-embeddable:2.3.21=kotlinKlibCommonizerClasspath
org.jetbrains.kotlin:kotlin-metadata-jvm:2.3.21=kotlinInternalAbiValidation
org.jetbrains.kotlin:kotlin-native-utils:2.4.0=compileClasspath,mainLintChecksClasspath
org.jetbrains.kotlin:kotlin-reflect:1.6.10=kotlinBuildToolsApiClasspath,kotlinCompilerClasspath,kotlinKlibCommonizerClasspath
org.jetbrains.kotlin:kotlin-reflect:2.0.21=detekt
org.jetbrains.kotlin:kotlin-reflect:2.2.10=androidLintTool
org.jetbrains.kotlin:kotlin-reflect:2.3.21=compileClasspath,embeddedKotlin,jvmTestCompileClasspathForLint,jvmTestRuntimeClasspathForLint,mainLintChecksClasspath,testCompileClasspath,testLintChecksClasspath,testRuntimeClasspath
org.jetbrains.kotlin:kotlin-sam-with-receiver-compiler-plugin-embeddable:2.3.21=kotlinCompilerPluginClasspathMain,kotlinCompilerPluginClasspathTest
org.jetbrains.kotlin:kotlin-script-runtime:2.0.21=detekt
org.jetbrains.kotlin:kotlin-script-runtime:2.3.21=compilePluginsBlocksPluginClasspathElements,kotlinBuildToolsApiClasspath,kotlinCompilerClasspath,kotlinCompilerPluginClasspathMain,kotlinCompilerPluginClasspathTest,kotlinKlibCommonizerClasspath
org.jetbrains.kotlin:kotlin-scripting-common:2.3.21=compilePluginsBlocksPluginClasspathElements,kotlinCompilerPluginClasspathMain,kotlinCompilerPluginClasspathTest
org.jetbrains.kotlin:kotlin-scripting-compiler-embeddable:2.3.21=compilePluginsBlocksPluginClasspathElements,kotlinCompilerPluginClasspathMain,kotlinCompilerPluginClasspathTest
org.jetbrains.kotlin:kotlin-scripting-compiler-impl-embeddable:2.3.21=compilePluginsBlocksPluginClasspathElements,kotlinCompilerPluginClasspathMain,kotlinCompilerPluginClasspathTest
org.jetbrains.kotlin:kotlin-scripting-jvm:2.3.21=compilePluginsBlocksPluginClasspathElements,kotlinCompilerPluginClasspathMain,kotlinCompilerPluginClasspathTest
org.jetbrains.kotlin:kotlin-stdlib-common:2.0.21=detekt
org.jetbrains.kotlin:kotlin-stdlib-common:2.3.21=mainLintChecksClasspath
org.jetbrains.kotlin:kotlin-stdlib-jdk7:1.8.0=detekt
org.jetbrains.kotlin:kotlin-stdlib-jdk7:2.2.10=androidLintTool,mainLintChecksClasspath
org.jetbrains.kotlin:kotlin-stdlib-jdk8:1.8.0=detekt
org.jetbrains.kotlin:kotlin-stdlib-jdk8:2.2.10=androidLintTool,mainLintChecksClasspath
org.jetbrains.kotlin:kotlin-stdlib:2.0.21=detekt,detektPlugins
org.jetbrains.kotlin:kotlin-stdlib:2.2.10=androidLintTool
org.jetbrains.kotlin:kotlin-stdlib:2.3.21=compileClasspath,compilePluginsBlocksPluginClasspathElements,embeddedKotlin,jvmTestCompileClasspathForLint,jvmTestRuntimeClasspathForLint,kotlinBuildToolsApiClasspath,kotlinCompilerClasspath,kotlinCompilerPluginClasspathMain,kotlinCompilerPluginClasspathTest,kotlinInternalAbiValidation,kotlinKlibCommonizerClasspath,mainLintChecksClasspath,testCompileClasspath,testLintChecksClasspath,testRuntimeClasspath
org.jetbrains.kotlin:kotlin-tooling-core:2.3.21=kotlinBuildToolsApiClasspath,kotlinCompilerClasspath
org.jetbrains.kotlin:kotlin-tooling-core:2.4.0=compileClasspath,mainLintChecksClasspath
org.jetbrains.kotlin:kotlin-util-io:2.4.0=compileClasspath,mainLintChecksClasspath
org.jetbrains.kotlin:kotlin-util-klib-metadata:2.4.0=mainLintChecksClasspath
org.jetbrains.kotlin:kotlin-util-klib:2.4.0=mainLintChecksClasspath
org.jetbrains.kotlinx:kotlinx-coroutines-bom:1.9.0=androidLintTool,mainLintChecksClasspath
org.jetbrains.kotlinx:kotlinx-coroutines-core-jvm:1.6.4=detekt
org.jetbrains.kotlinx:kotlinx-coroutines-core-jvm:1.8.0=kotlinBuildToolsApiClasspath,kotlinCompilerClasspath,kotlinKlibCommonizerClasspath
org.jetbrains.kotlinx:kotlinx-coroutines-core-jvm:1.9.0=androidLintTool,mainLintChecksClasspath
org.jetbrains.kotlinx:kotlinx-coroutines-core:1.9.0=androidLintTool,mainLintChecksClasspath
org.jetbrains.kotlinx:kotlinx-html-jvm:0.8.1=detekt
org.jetbrains.kotlinx:kotlinx-serialization-bom:1.6.0=mainLintChecksClasspath
org.jetbrains.kotlinx:kotlinx-serialization-core-jvm:1.4.1=detekt
org.jetbrains.kotlinx:kotlinx-serialization-core-jvm:1.6.0=mainLintChecksClasspath
org.jetbrains.kotlinx:kotlinx-serialization-core:1.4.1=detekt
org.jetbrains.kotlinx:kotlinx-serialization-core:1.6.0=mainLintChecksClasspath
org.jetbrains.kotlinx:kotlinx-serialization-json-jvm:1.4.1=detekt
org.jetbrains.kotlinx:kotlinx-serialization-json-jvm:1.6.0=mainLintChecksClasspath
org.jetbrains.kotlinx:kotlinx-serialization-json:1.4.1=detekt
org.jetbrains.kotlinx:kotlinx-serialization-json:1.6.0=mainLintChecksClasspath
org.jetbrains:annotations:13.0=compileClasspath,compilePluginsBlocksPluginClasspathElements,detekt,detektPlugins,embeddedKotlin,jvmTestCompileClasspathForLint,jvmTestRuntimeClasspathForLint,kotlinBuildToolsApiClasspath,kotlinCompilerClasspath,kotlinCompilerPluginClasspathMain,kotlinCompilerPluginClasspathTest,kotlinInternalAbiValidation,kotlinKlibCommonizerClasspath,testCompileClasspath,testLintChecksClasspath,testRuntimeClasspath
org.jetbrains:annotations:23.0.0=androidLintTool,mainLintChecksClasspath
org.jvnet.staxex:stax-ex:1.8.1=androidLintTool,mainLintChecksClasspath
org.ow2.asm:asm-analysis:9.9=androidLintTool,mainLintChecksClasspath
org.ow2.asm:asm-commons:9.9=androidLintTool,mainLintChecksClasspath
org.ow2.asm:asm-tree:9.9=androidLintTool,mainLintChecksClasspath
org.ow2.asm:asm-util:9.9=mainLintChecksClasspath
org.ow2.asm:asm:9.9=androidLintTool,compileClasspath,mainLintChecksClasspath
org.slf4j:slf4j-api:1.7.30=mainLintChecksClasspath
org.slf4j:slf4j-api:2.0.3=detektPlugins
org.snakeyaml:snakeyaml-engine:2.7=detekt
org.tensorflow:tensorflow-lite-metadata:0.2.0=mainLintChecksClasspath
empty=annotationProcessor,implementationDependenciesMetadata,kotlinCompilerPluginClasspath,kotlinNativeCompilerPluginClasspath,kotlinScriptDefExtensions,runtimeClasspath,testAnnotationProcessor,testImplementationDependenciesMetadata,testKotlinScriptDefExtensions
