# This is a Gradle generated file for dependency locking.
# Manual edits can break the build and are not advised.
# This file is expected to be part of source control.
# To regenerate this file, run: ./gradlew :logger:dependencies --write-locks
com.fasterxml.jackson.core:jackson-annotations:2.18.9=dokkaHtmlGeneratorRuntimeResolver~internal,dokkaJavadocGeneratorRuntimeResolver~internal
com.fasterxml.jackson.core:jackson-core:2.18.9=dokkaHtmlGeneratorRuntimeResolver~internal,dokkaJavadocGeneratorRuntimeResolver~internal
com.fasterxml.jackson.core:jackson-databind:2.18.9=dokkaHtmlGeneratorRuntimeResolver~internal,dokkaJavadocGeneratorRuntimeResolver~internal
com.fasterxml.jackson.dataformat:jackson-dataformat-xml:2.18.9=dokkaHtmlGeneratorRuntimeResolver~internal,dokkaJavadocGeneratorRuntimeResolver~internal
com.fasterxml.jackson.module:jackson-module-kotlin:2.18.9=dokkaHtmlGeneratorRuntimeResolver~internal,dokkaJavadocGeneratorRuntimeResolver~internal
com.fasterxml.jackson:jackson-bom:2.18.9=dokkaHtmlGeneratorRuntimeResolver~internal,dokkaJavadocGeneratorRuntimeResolver~internal
com.fasterxml.woodstox:woodstox-core:7.0.0=dokkaHtmlGeneratorRuntimeResolver~internal,dokkaJavadocGeneratorRuntimeResolver~internal
com.google.code.gson:gson:2.10.1=testRuntimeClasspath
com.pinterest.ktlint:ktlint-cli-ruleset-core:0.50.0=detektPlugins
com.pinterest.ktlint:ktlint-logger:0.50.0=detektPlugins
com.pinterest.ktlint:ktlint-rule-engine-core:0.50.0=detektPlugins
com.pinterest.ktlint:ktlint-ruleset-standard:0.50.0=detektPlugins
com.soywiz.korlibs.korte:korte-jvm:4.0.10=dokkaJavadocGeneratorRuntimeResolver~internal
dev.drewhamilton.poko:poko-annotations-jvm:0.17.1=detekt
dev.drewhamilton.poko:poko-annotations:0.17.1=detekt
io.github.davidburstrom.contester:contester-breakpoint:0.2.0=detekt
io.github.detekt.sarif4k:sarif4k-jvm:0.6.0=detekt
io.github.detekt.sarif4k:sarif4k:0.6.0=detekt
io.github.diareuse:strucut:1.0.3=testCompileClasspath,testRuntimeClasspath
io.github.java-diff-utils:java-diff-utils:4.16=testRuntimeClasspath
io.github.microutils:kotlin-logging-jvm:3.0.5=detektPlugins
io.gitlab.arturbosch.detekt:detekt-api:1.23.8=detekt
io.gitlab.arturbosch.detekt:detekt-cli:1.23.8=detekt
io.gitlab.arturbosch.detekt:detekt-core:1.23.8=detekt
io.gitlab.arturbosch.detekt:detekt-formatting:1.23.8=detektPlugins
io.gitlab.arturbosch.detekt:detekt-metrics:1.23.8=detekt
io.gitlab.arturbosch.detekt:detekt-parser:1.23.8=detekt
io.gitlab.arturbosch.detekt:detekt-psi-utils:1.23.8=detekt
io.gitlab.arturbosch.detekt:detekt-report-html:1.23.8=detekt
io.gitlab.arturbosch.detekt:detekt-report-md:1.23.8=detekt
io.gitlab.arturbosch.detekt:detekt-report-sarif:1.23.8=detekt
io.gitlab.arturbosch.detekt:detekt-report-txt:1.23.8=detekt
io.gitlab.arturbosch.detekt:detekt-report-xml:1.23.8=detekt
io.gitlab.arturbosch.detekt:detekt-rules-complexity:1.23.8=detekt
io.gitlab.arturbosch.detekt:detekt-rules-coroutines:1.23.8=detekt
io.gitlab.arturbosch.detekt:detekt-rules-documentation:1.23.8=detekt
io.gitlab.arturbosch.detekt:detekt-rules-empty:1.23.8=detekt
io.gitlab.arturbosch.detekt:detekt-rules-errorprone:1.23.8=detekt
io.gitlab.arturbosch.detekt:detekt-rules-exceptions:1.23.8=detekt
io.gitlab.arturbosch.detekt:detekt-rules-libraries:1.23.8=detektPlugins
io.gitlab.arturbosch.detekt:detekt-rules-naming:1.23.8=detekt
io.gitlab.arturbosch.detekt:detekt-rules-performance:1.23.8=detekt
io.gitlab.arturbosch.detekt:detekt-rules-style:1.23.8=detekt
io.gitlab.arturbosch.detekt:detekt-rules:1.23.8=detekt
io.gitlab.arturbosch.detekt:detekt-tooling:1.23.8=detekt
io.gitlab.arturbosch.detekt:detekt-utils:1.23.8=detekt
io.kotest:kotest-assertions-core-jvm:6.2.1=testCompileClasspath,testRuntimeClasspath
io.kotest:kotest-assertions-core:6.2.1=testCompileClasspath,testRuntimeClasspath
io.kotest:kotest-assertions-shared-jvm:6.2.1=testCompileClasspath,testRuntimeClasspath
io.kotest:kotest-assertions-shared:6.2.1=testCompileClasspath,testRuntimeClasspath
io.kotest:kotest-common-jvm:6.2.1=testRuntimeClasspath
io.kotest:kotest-common:6.2.1=testRuntimeClasspath
io.mockk:mockk-agent-api-jvm:1.14.11=testCompileClasspath,testRuntimeClasspath
io.mockk:mockk-agent-api:1.14.11=testCompileClasspath,testRuntimeClasspath
io.mockk:mockk-agent-jvm:1.14.11=testCompileClasspath,testRuntimeClasspath
io.mockk:mockk-agent:1.14.11=testCompileClasspath,testRuntimeClasspath
io.mockk:mockk-core-jvm:1.14.11=testCompileClasspath,testRuntimeClasspath
io.mockk:mockk-core:1.14.11=testCompileClasspath,testRuntimeClasspath
io.mockk:mockk-dsl-jvm:1.14.11=testCompileClasspath,testRuntimeClasspath
io.mockk:mockk-dsl:1.14.11=testCompileClasspath,testRuntimeClasspath
io.mockk:mockk-jvm:1.14.11=testCompileClasspath,testRuntimeClasspath
io.mockk:mockk:1.14.11=testCompileClasspath,testRuntimeClasspath
junit:junit:4.13.2=testCompileClasspath,testRuntimeClasspath
net.bytebuddy:byte-buddy-agent:1.18.2=testCompileClasspath,testRuntimeClasspath
net.bytebuddy:byte-buddy:1.18.2=testCompileClasspath,testRuntimeClasspath
org.codehaus.woodstox:stax2-api:4.2.2=dokkaHtmlGeneratorRuntimeResolver~internal,dokkaJavadocGeneratorRuntimeResolver~internal
org.ec4j.core:ec4j-core:0.3.0=detektPlugins
org.freemarker:freemarker:2.3.32=dokkaHtmlGeneratorRuntimeResolver~internal,dokkaJavadocGeneratorRuntimeResolver~internal
org.hamcrest:hamcrest-core:1.3=testCompileClasspath,testRuntimeClasspath
org.jcommander:jcommander:1.85=detekt
org.jetbrains.dokka:analysis-kotlin-symbols:2.2.0=dokkaHtmlGeneratorRuntimeResolver~internal,dokkaJavadocGeneratorRuntimeResolver~internal
org.jetbrains.dokka:analysis-markdown:2.2.0=dokkaHtmlGeneratorRuntimeResolver~internal,dokkaJavadocGeneratorRuntimeResolver~internal
org.jetbrains.dokka:dokka-base:2.2.0=dokkaHtmlGeneratorRuntimeResolver~internal,dokkaHtmlPluginIntransitiveResolver~internal,dokkaJavadocGeneratorRuntimeResolver~internal,dokkaJavadocPluginIntransitiveResolver~internal
org.jetbrains.dokka:dokka-core:2.2.0=dokkaHtmlGeneratorRuntimeResolver~internal,dokkaJavadocGeneratorRuntimeResolver~internal
org.jetbrains.dokka:javadoc-plugin:2.2.0=dokkaJavadocGeneratorRuntimeResolver~internal,dokkaJavadocPluginIntransitiveResolver~internal
org.jetbrains.dokka:kotlin-as-java-plugin:2.2.0=dokkaJavadocGeneratorRuntimeResolver~internal
org.jetbrains.dokka:templating-plugin:2.2.0=dokkaHtmlGeneratorRuntimeResolver~internal,dokkaHtmlPluginIntransitiveResolver~internal,dokkaJavadocGeneratorRuntimeResolver~internal,dokkaJavadocPluginIntransitiveResolver~internal
org.jetbrains.intellij.deps:trove4j:1.0.20200330=detekt
org.jetbrains.kotlin:kotlin-build-tools-api:2.4.0=kotlinBuildToolsApiClasspath,kotlinCompilerClasspath,kotlinKlibCommonizerClasspath
org.jetbrains.kotlin:kotlin-build-tools-api:2.4.20-Beta2=kotlinAbiValidationCompatClasspath
org.jetbrains.kotlin:kotlin-build-tools-compat:2.4.0=kotlinAbiValidationCompatClasspath,kotlinBuildToolsApiClasspath,kotlinCompilerClasspath
org.jetbrains.kotlin:kotlin-build-tools-cri-impl:2.4.0=kotlinBuildToolsApiClasspath,kotlinCompilerClasspath
org.jetbrains.kotlin:kotlin-build-tools-cri-impl:2.4.20-Beta2=kotlinAbiValidationCompatClasspath
org.jetbrains.kotlin:kotlin-build-tools-impl:2.4.0=kotlinBuildToolsApiClasspath,kotlinCompilerClasspath
org.jetbrains.kotlin:kotlin-build-tools-impl:2.4.20-Beta2=kotlinAbiValidationCompatClasspath
org.jetbrains.kotlin:kotlin-compiler-embeddable:2.0.21=detekt
org.jetbrains.kotlin:kotlin-compiler-embeddable:2.4.0=kotlinBuildToolsApiClasspath,kotlinCompilerClasspath,kotlinKlibCommonizerClasspath
org.jetbrains.kotlin:kotlin-compiler-embeddable:2.4.20-Beta2=kotlinAbiValidationCompatClasspath
org.jetbrains.kotlin:kotlin-compiler-runner:2.4.0=kotlinBuildToolsApiClasspath,kotlinCompilerClasspath
org.jetbrains.kotlin:kotlin-compiler-runner:2.4.20-Beta2=kotlinAbiValidationCompatClasspath
org.jetbrains.kotlin:kotlin-daemon-client:2.4.0=kotlinBuildToolsApiClasspath,kotlinCompilerClasspath
org.jetbrains.kotlin:kotlin-daemon-client:2.4.20-Beta2=kotlinAbiValidationCompatClasspath
org.jetbrains.kotlin:kotlin-daemon-embeddable:2.0.21=detekt
org.jetbrains.kotlin:kotlin-daemon-embeddable:2.4.0=kotlinBuildToolsApiClasspath,kotlinCompilerClasspath,kotlinKlibCommonizerClasspath
org.jetbrains.kotlin:kotlin-daemon-embeddable:2.4.20-Beta2=kotlinAbiValidationCompatClasspath
org.jetbrains.kotlin:kotlin-klib-commonizer-embeddable:2.4.0=kotlinKlibCommonizerClasspath
org.jetbrains.kotlin:kotlin-reflect:1.6.10=kotlinAbiValidationCompatClasspath,kotlinBuildToolsApiClasspath,kotlinCompilerClasspath,kotlinKlibCommonizerClasspath
org.jetbrains.kotlin:kotlin-reflect:2.0.21=detekt,dokkaHtmlGeneratorRuntimeResolver~internal,dokkaJavadocGeneratorRuntimeResolver~internal
org.jetbrains.kotlin:kotlin-reflect:2.4.0=testCompileClasspath,testRuntimeClasspath
org.jetbrains.kotlin:kotlin-script-runtime:2.0.21=detekt
org.jetbrains.kotlin:kotlin-script-runtime:2.4.0=kotlinBuildToolsApiClasspath,kotlinCompilerClasspath,kotlinCompilerPluginClasspathMain,kotlinCompilerPluginClasspathTest,kotlinKlibCommonizerClasspath
org.jetbrains.kotlin:kotlin-script-runtime:2.4.20-Beta2=kotlinAbiValidationCompatClasspath
org.jetbrains.kotlin:kotlin-scripting-common:2.4.0=kotlinCompilerPluginClasspathMain,kotlinCompilerPluginClasspathTest
org.jetbrains.kotlin:kotlin-scripting-compiler-embeddable:2.4.0=kotlinCompilerPluginClasspathMain,kotlinCompilerPluginClasspathTest
org.jetbrains.kotlin:kotlin-scripting-compiler-impl-embeddable:2.4.0=kotlinCompilerPluginClasspathMain,kotlinCompilerPluginClasspathTest
org.jetbrains.kotlin:kotlin-scripting-jvm:2.4.0=kotlinCompilerPluginClasspathMain,kotlinCompilerPluginClasspathTest
org.jetbrains.kotlin:kotlin-stdlib-common:2.0.21=detekt,dokkaHtmlGeneratorRuntimeResolver~internal,dokkaJavadocGeneratorRuntimeResolver~internal
org.jetbrains.kotlin:kotlin-stdlib-jdk7:1.8.0=detekt
org.jetbrains.kotlin:kotlin-stdlib-jdk7:1.8.20=dokkaHtmlGeneratorRuntimeResolver~internal
org.jetbrains.kotlin:kotlin-stdlib-jdk7:1.9.0=dokkaJavadocGeneratorRuntimeResolver~internal
org.jetbrains.kotlin:kotlin-stdlib-jdk8:1.8.0=detekt
org.jetbrains.kotlin:kotlin-stdlib-jdk8:1.8.20=dokkaHtmlGeneratorRuntimeResolver~internal
org.jetbrains.kotlin:kotlin-stdlib-jdk8:1.9.0=dokkaJavadocGeneratorRuntimeResolver~internal
org.jetbrains.kotlin:kotlin-stdlib:2.0.21=detekt,dokkaHtmlGeneratorRuntimeResolver~internal,dokkaJavadocGeneratorRuntimeResolver~internal
org.jetbrains.kotlin:kotlin-stdlib:2.4.0=compileClasspath,detektPlugins,kotlinBuildToolsApiClasspath,kotlinCompilerClasspath,kotlinCompilerPluginClasspathMain,kotlinCompilerPluginClasspathTest,kotlinKlibCommonizerClasspath,runtimeClasspath,testCompileClasspath,testRuntimeClasspath
org.jetbrains.kotlin:kotlin-stdlib:2.4.20-Beta2=kotlinAbiValidationCompatClasspath
org.jetbrains.kotlin:kotlin-test-junit:2.4.0=testCompileClasspath,testRuntimeClasspath
org.jetbrains.kotlin:kotlin-test:2.4.0=testCompileClasspath,testRuntimeClasspath
org.jetbrains.kotlin:kotlin-tooling-core:2.4.0=kotlinBuildToolsApiClasspath,kotlinCompilerClasspath
org.jetbrains.kotlin:kotlin-tooling-core:2.4.20-Beta2=kotlinAbiValidationCompatClasspath
org.jetbrains.kotlinx:kotlinx-coroutines-bom:1.10.2=testRuntimeClasspath
org.jetbrains.kotlinx:kotlinx-coroutines-bom:1.7.3=dokkaHtmlGeneratorRuntimeResolver~internal,dokkaJavadocGeneratorRuntimeResolver~internal
org.jetbrains.kotlinx:kotlinx-coroutines-core-jvm:1.10.2=testRuntimeClasspath
org.jetbrains.kotlinx:kotlinx-coroutines-core-jvm:1.6.4=detekt
org.jetbrains.kotlinx:kotlinx-coroutines-core-jvm:1.7.3=dokkaHtmlGeneratorRuntimeResolver~internal,dokkaJavadocGeneratorRuntimeResolver~internal
org.jetbrains.kotlinx:kotlinx-coroutines-core-jvm:1.8.0=kotlinAbiValidationCompatClasspath,kotlinBuildToolsApiClasspath,kotlinCompilerClasspath,kotlinKlibCommonizerClasspath
org.jetbrains.kotlinx:kotlinx-coroutines-core:1.10.2=testRuntimeClasspath
org.jetbrains.kotlinx:kotlinx-coroutines-core:1.7.3=dokkaHtmlGeneratorRuntimeResolver~internal,dokkaJavadocGeneratorRuntimeResolver~internal
org.jetbrains.kotlinx:kotlinx-coroutines-jdk8:1.10.2=testRuntimeClasspath
org.jetbrains.kotlinx:kotlinx-coroutines-test-jvm:1.10.2=testRuntimeClasspath
org.jetbrains.kotlinx:kotlinx-coroutines-test:1.10.2=testRuntimeClasspath
org.jetbrains.kotlinx:kotlinx-html-jvm:0.8.1=detekt
org.jetbrains.kotlinx:kotlinx-html-jvm:0.9.1=dokkaHtmlGeneratorRuntimeResolver~internal,dokkaJavadocGeneratorRuntimeResolver~internal
org.jetbrains.kotlinx:kotlinx-serialization-core-jvm:1.4.1=detekt
org.jetbrains.kotlinx:kotlinx-serialization-core:1.4.1=detekt
org.jetbrains.kotlinx:kotlinx-serialization-json-jvm:1.4.1=detekt
org.jetbrains.kotlinx:kotlinx-serialization-json:1.4.1=detekt
org.jetbrains:annotations:13.0=compileClasspath,detekt,detektPlugins,kotlinAbiValidationCompatClasspath,kotlinBuildToolsApiClasspath,kotlinCompilerClasspath,kotlinCompilerPluginClasspathMain,kotlinCompilerPluginClasspathTest,kotlinKlibCommonizerClasspath,runtimeClasspath,testCompileClasspath
org.jetbrains:annotations:23.0.0=dokkaHtmlGeneratorRuntimeResolver~internal,dokkaJavadocGeneratorRuntimeResolver~internal,testRuntimeClasspath
org.jetbrains:markdown-jvm:0.7.3=dokkaHtmlGeneratorRuntimeResolver~internal,dokkaJavadocGeneratorRuntimeResolver~internal
org.jetbrains:markdown:0.7.3=dokkaHtmlGeneratorRuntimeResolver~internal,dokkaJavadocGeneratorRuntimeResolver~internal
org.jsoup:jsoup:1.21.1=dokkaHtmlGeneratorRuntimeResolver~internal,dokkaJavadocGeneratorRuntimeResolver~internal
org.objenesis:objenesis:3.4=testCompileClasspath,testRuntimeClasspath
org.opentest4j:opentest4j:1.3.0=testRuntimeClasspath
org.slf4j:slf4j-api:2.0.3=detektPlugins
org.snakeyaml:snakeyaml-engine:2.7=detekt
empty=annotationProcessor,dokkaHtmlModuleOutputDirectoriesResolver~internal,dokkaHtmlPublicationPluginResolver~internal,dokkaJavadocModuleOutputDirectoriesResolver~internal,dokkaJavadocPublicationPluginResolver~internal,implementationDependenciesMetadata,kotlinCompilerPluginClasspath,kotlinNativeCompilerPluginClasspath,kotlinScriptDefExtensions,testAnnotationProcessor,testImplementationDependenciesMetadata,testKotlinScriptDefExtensions
